
Microsoft Visual Studio Solution File, Format Version 12.00
# Visual Studio Version 17
VisualStudioVersion = 17.0.31903.59
MinimumVisualStudioVersion = 10.0.40219.1
Project("{2150E333-8FDC-42A3-9474-1A3956D46DE8}") = "Others", "Others", "{32891F65-FBA1-42B2-918E-61F3A9623F2A}"
	ProjectSection(SolutionItems) = preProject
		.editorconfig = .editorconfig
		.gitignore = .gitignore
		.github\workflows\publish-beta.yml = .github\workflows\publish-beta.yml
		.github\workflows\publish.yml = .github\workflows\publish.yml
		Readme.MD = Readme.MD
		.github\workflows\test.yml = .github\workflows\test.yml
	EndProjectSection
EndProject
Project("{9A19103F-16F7-4668-BE54-9A1E7A4F7556}") = "NewLife.CubeNC", "NewLife.CubeNC\NewLife.CubeNC.csproj", "{637B6360-D9AB-4CB4-A1B4-6A8A899F57B3}"
EndProject
Project("{9A19103F-16F7-4668-BE54-9A1E7A4F7556}") = "CubeDemoNC", "CubeDemoNC\CubeDemoNC.csproj", "{C9830F6C-8EB3-4115-A7CA-821F02349E3B}"
EndProject
Project("{9A19103F-16F7-4668-BE54-9A1E7A4F7556}") = "Test", "Test\Test.csproj", "{D14BC31C-B4F9-425A-999A-C2ED1E0C6D60}"
EndProject
Project("{9A19103F-16F7-4668-BE54-9A1E7A4F7556}") = "XUnitTest", "XUnitTest\XUnitTest.csproj", "{E3B44ECB-BE8B-4878-B987-CAF116D57961}"
EndProject
Project("{9A19103F-16F7-4668-BE54-9A1E7A4F7556}") = "NewLife.Cube.AdminLTE", "NewLife.Cube.AdminLTE\NewLife.Cube.AdminLTE.csproj", "{B18A926E-842E-45DD-A0D0-0078D898D72B}"
EndProject
Project("{9A19103F-16F7-4668-BE54-9A1E7A4F7556}") = "NewLife.Cube.Tabler", "NewLife.Cube.Tabler\NewLife.Cube.Tabler.csproj", "{7CF34F4E-E080-410C-B5F1-24BCFD64BFE9}"
EndProject
Project("{9A19103F-16F7-4668-BE54-9A1E7A4F7556}") = "NewLife.Cube.Metronic", "NewLife.Cube.Metronic\NewLife.Cube.Metronic.csproj", "{FD226577-A7C3-4A67-AEA6-B89745A6A950}"
EndProject
Project("{9A19103F-16F7-4668-BE54-9A1E7A4F7556}") = "NewLife.Cube.Blazor", "NewLife.Cube.Blazor\NewLife.Cube.Blazor.csproj", "{664872A2-7E4D-41D2-8606-95B1E416EB08}"
EndProject
Project("{9A19103F-16F7-4668-BE54-9A1E7A4F7556}") = "NewLife.Cube.ElementUI", "NewLife.Cube.ElementUI\NewLife.Cube.ElementUI.csproj", "{DDF0EE17-629C-4A9D-B7CA-DE9359E3AC9C}"
EndProject
Project("{9A19103F-16F7-4668-BE54-9A1E7A4F7556}") = "NewLife.Cube.Metronic8", "NewLife.Cube.Metronic8\NewLife.Cube.Metronic8.csproj", "{3E49E9CA-6C90-4BDC-9DFD-50152DFA6524}"
EndProject
Project("{9A19103F-16F7-4668-BE54-9A1E7A4F7556}") = "CubeSSO", "CubeSSO\CubeSSO.csproj", "{CBCBA758-456E-4852-85E1-D40E56A929D1}"
EndProject
Project("{9A19103F-16F7-4668-BE54-9A1E7A4F7556}") = "NewLife.Cube.LayuiAdmin", "NewLife.Cube.LayuiAdmin\NewLife.Cube.LayuiAdmin.csproj", "{0A1E77F0-7811-4188-A9B6-0F5FAFB76420}"
EndProject
Project("{9A19103F-16F7-4668-BE54-9A1E7A4F7556}") = "NewLife.Cube", "NewLife.Cube\NewLife.Cube.csproj", "{6BE97641-E557-42BB-810A-6CBFE9CB28AD}"
EndProject
Project("{9A19103F-16F7-4668-BE54-9A1E7A4F7556}") = "CubeDemo", "CubeDemo\CubeDemo.csproj", "{D800A693-B55C-40F3-B80E-C0BE2EC3E79C}"
EndProject
Project("{2150E333-8FDC-42A3-9474-1A3956D46DE8}") = "MVC版", "MVC版", "{34D99FF4-E4A9-4278-9E9B-A2245B141FA3}"
EndProject
Project("{2150E333-8FDC-42A3-9474-1A3956D46DE8}") = "MVC主题", "MVC主题", "{844550DD-07A5-44C9-A4E9-6FE64FA62CF9}"
EndProject
Project("{2150E333-8FDC-42A3-9474-1A3956D46DE8}") = "WebApi版", "WebApi版", "{88104F4C-A44C-493A-8DE7-A1A5A09C754F}"
EndProject
Project("{2150E333-8FDC-42A3-9474-1A3956D46DE8}") = "测试", "测试", "{12E138A8-D4DF-4CAD-8205-897D3A7AE95C}"
EndProject
Project("{9A19103F-16F7-4668-BE54-9A1E7A4F7556}") = "NewLife.Cube.Swagger", "NewLife.Cube.Swagger\NewLife.Cube.Swagger.csproj", "{1C23DA32-4108-4E9F-BB6C-FA61378C7E38}"
EndProject
Global
	GlobalSection(SolutionConfigurationPlatforms) = preSolution
		Debug|Any CPU = Debug|Any CPU
		Release|Any CPU = Release|Any CPU
	EndGlobalSection
	GlobalSection(ProjectConfigurationPlatforms) = postSolution
		{637B6360-D9AB-4CB4-A1B4-6A8A899F57B3}.Debug|Any CPU.ActiveCfg = Debug|Any CPU
		{637B6360-D9AB-4CB4-A1B4-6A8A899F57B3}.Debug|Any CPU.Build.0 = Debug|Any CPU
		{637B6360-D9AB-4CB4-A1B4-6A8A899F57B3}.Release|Any CPU.ActiveCfg = Release|Any CPU
		{637B6360-D9AB-4CB4-A1B4-6A8A899F57B3}.Release|Any CPU.Build.0 = Release|Any CPU
		{C9830F6C-8EB3-4115-A7CA-821F02349E3B}.Debug|Any CPU.ActiveCfg = Debug|Any CPU
		{C9830F6C-8EB3-4115-A7CA-821F02349E3B}.Debug|Any CPU.Build.0 = Debug|Any CPU
		{C9830F6C-8EB3-4115-A7CA-821F02349E3B}.Release|Any CPU.ActiveCfg = Release|Any CPU
		{C9830F6C-8EB3-4115-A7CA-821F02349E3B}.Release|Any CPU.Build.0 = Release|Any CPU
		{D14BC31C-B4F9-425A-999A-C2ED1E0C6D60}.Debug|Any CPU.ActiveCfg = Debug|Any CPU
		{D14BC31C-B4F9-425A-999A-C2ED1E0C6D60}.Debug|Any CPU.Build.0 = Debug|Any CPU
		{D14BC31C-B4F9-425A-999A-C2ED1E0C6D60}.Release|Any CPU.ActiveCfg = Release|Any CPU
		{D14BC31C-B4F9-425A-999A-C2ED1E0C6D60}.Release|Any CPU.Build.0 = Release|Any CPU
		{E3B44ECB-BE8B-4878-B987-CAF116D57961}.Debug|Any CPU.ActiveCfg = Debug|Any CPU
		{E3B44ECB-BE8B-4878-B987-CAF116D57961}.Debug|Any CPU.Build.0 = Debug|Any CPU
		{E3B44ECB-BE8B-4878-B987-CAF116D57961}.Release|Any CPU.ActiveCfg = Release|Any CPU
		{E3B44ECB-BE8B-4878-B987-CAF116D57961}.Release|Any CPU.Build.0 = Release|Any CPU
		{B18A926E-842E-45DD-A0D0-0078D898D72B}.Debug|Any CPU.ActiveCfg = Debug|Any CPU
		{B18A926E-842E-45DD-A0D0-0078D898D72B}.Debug|Any CPU.Build.0 = Debug|Any CPU
		{B18A926E-842E-45DD-A0D0-0078D898D72B}.Release|Any CPU.ActiveCfg = Release|Any CPU
		{B18A926E-842E-45DD-A0D0-0078D898D72B}.Release|Any CPU.Build.0 = Release|Any CPU
		{7CF34F4E-E080-410C-B5F1-24BCFD64BFE9}.Debug|Any CPU.ActiveCfg = Debug|Any CPU
		{7CF34F4E-E080-410C-B5F1-24BCFD64BFE9}.Debug|Any CPU.Build.0 = Debug|Any CPU
		{7CF34F4E-E080-410C-B5F1-24BCFD64BFE9}.Release|Any CPU.ActiveCfg = Release|Any CPU
		{7CF34F4E-E080-410C-B5F1-24BCFD64BFE9}.Release|Any CPU.Build.0 = Release|Any CPU
		{FD226577-A7C3-4A67-AEA6-B89745A6A950}.Debug|Any CPU.ActiveCfg = Debug|Any CPU
		{FD226577-A7C3-4A67-AEA6-B89745A6A950}.Debug|Any CPU.Build.0 = Debug|Any CPU
		{FD226577-A7C3-4A67-AEA6-B89745A6A950}.Release|Any CPU.ActiveCfg = Release|Any CPU
		{FD226577-A7C3-4A67-AEA6-B89745A6A950}.Release|Any CPU.Build.0 = Release|Any CPU
		{664872A2-7E4D-41D2-8606-95B1E416EB08}.Debug|Any CPU.ActiveCfg = Debug|Any CPU
		{664872A2-7E4D-41D2-8606-95B1E416EB08}.Debug|Any CPU.Build.0 = Debug|Any CPU
		{664872A2-7E4D-41D2-8606-95B1E416EB08}.Release|Any CPU.ActiveCfg = Release|Any CPU
		{664872A2-7E4D-41D2-8606-95B1E416EB08}.Release|Any CPU.Build.0 = Release|Any CPU
		{DDF0EE17-629C-4A9D-B7CA-DE9359E3AC9C}.Debug|Any CPU.ActiveCfg = Debug|Any CPU
		{DDF0EE17-629C-4A9D-B7CA-DE9359E3AC9C}.Debug|Any CPU.Build.0 = Debug|Any CPU
		{DDF0EE17-629C-4A9D-B7CA-DE9359E3AC9C}.Release|Any CPU.ActiveCfg = Release|Any CPU
		{DDF0EE17-629C-4A9D-B7CA-DE9359E3AC9C}.Release|Any CPU.Build.0 = Release|Any CPU
		{3E49E9CA-6C90-4BDC-9DFD-50152DFA6524}.Debug|Any CPU.ActiveCfg = Debug|Any CPU
		{3E49E9CA-6C90-4BDC-9DFD-50152DFA6524}.Debug|Any CPU.Build.0 = Debug|Any CPU
		{3E49E9CA-6C90-4BDC-9DFD-50152DFA6524}.Release|Any CPU.ActiveCfg = Release|Any CPU
		{3E49E9CA-6C90-4BDC-9DFD-50152DFA6524}.Release|Any CPU.Build.0 = Release|Any CPU
		{CBCBA758-456E-4852-85E1-D40E56A929D1}.Debug|Any CPU.ActiveCfg = Debug|Any CPU
		{CBCBA758-456E-4852-85E1-D40E56A929D1}.Debug|Any CPU.Build.0 = Debug|Any CPU
		{CBCBA758-456E-4852-85E1-D40E56A929D1}.Release|Any CPU.ActiveCfg = Release|Any CPU
		{CBCBA758-456E-4852-85E1-D40E56A929D1}.Release|Any CPU.Build.0 = Release|Any CPU
		{0A1E77F0-7811-4188-A9B6-0F5FAFB76420}.Debug|Any CPU.ActiveCfg = Debug|Any CPU
		{0A1E77F0-7811-4188-A9B6-0F5FAFB76420}.Debug|Any CPU.Build.0 = Debug|Any CPU
		{0A1E77F0-7811-4188-A9B6-0F5FAFB76420}.Release|Any CPU.ActiveCfg = Release|Any CPU
		{0A1E77F0-7811-4188-A9B6-0F5FAFB76420}.Release|Any CPU.Build.0 = Release|Any CPU
		{6BE97641-E557-42BB-810A-6CBFE9CB28AD}.Debug|Any CPU.ActiveCfg = Debug|Any CPU
		{6BE97641-E557-42BB-810A-6CBFE9CB28AD}.Debug|Any CPU.Build.0 = Debug|Any CPU
		{6BE97641-E557-42BB-810A-6CBFE9CB28AD}.Release|Any CPU.ActiveCfg = Release|Any CPU
		{6BE97641-E557-42BB-810A-6CBFE9CB28AD}.Release|Any CPU.Build.0 = Release|Any CPU
		{D800A693-B55C-40F3-B80E-C0BE2EC3E79C}.Debug|Any CPU.ActiveCfg = Debug|Any CPU
		{D800A693-B55C-40F3-B80E-C0BE2EC3E79C}.Debug|Any CPU.Build.0 = Debug|Any CPU
		{D800A693-B55C-40F3-B80E-C0BE2EC3E79C}.Release|Any CPU.ActiveCfg = Release|Any CPU
		{D800A693-B55C-40F3-B80E-C0BE2EC3E79C}.Release|Any CPU.Build.0 = Release|Any CPU
		{1C23DA32-4108-4E9F-BB6C-FA61378C7E38}.Debug|Any CPU.ActiveCfg = Debug|Any CPU
		{1C23DA32-4108-4E9F-BB6C-FA61378C7E38}.Debug|Any CPU.Build.0 = Debug|Any CPU
		{1C23DA32-4108-4E9F-BB6C-FA61378C7E38}.Release|Any CPU.ActiveCfg = Release|Any CPU
		{1C23DA32-4108-4E9F-BB6C-FA61378C7E38}.Release|Any CPU.Build.0 = Release|Any CPU
	EndGlobalSection
	GlobalSection(SolutionProperties) = preSolution
		HideSolutionNode = FALSE
	EndGlobalSection
	GlobalSection(NestedProjects) = preSolution
		{637B6360-D9AB-4CB4-A1B4-6A8A899F57B3} = {34D99FF4-E4A9-4278-9E9B-A2245B141FA3}
		{C9830F6C-8EB3-4115-A7CA-821F02349E3B} = {34D99FF4-E4A9-4278-9E9B-A2245B141FA3}
		{D14BC31C-B4F9-425A-999A-C2ED1E0C6D60} = {12E138A8-D4DF-4CAD-8205-897D3A7AE95C}
		{E3B44ECB-BE8B-4878-B987-CAF116D57961} = {12E138A8-D4DF-4CAD-8205-897D3A7AE95C}
		{B18A926E-842E-45DD-A0D0-0078D898D72B} = {844550DD-07A5-44C9-A4E9-6FE64FA62CF9}
		{7CF34F4E-E080-410C-B5F1-24BCFD64BFE9} = {844550DD-07A5-44C9-A4E9-6FE64FA62CF9}
		{FD226577-A7C3-4A67-AEA6-B89745A6A950} = {844550DD-07A5-44C9-A4E9-6FE64FA62CF9}
		{664872A2-7E4D-41D2-8606-95B1E416EB08} = {844550DD-07A5-44C9-A4E9-6FE64FA62CF9}
		{DDF0EE17-629C-4A9D-B7CA-DE9359E3AC9C} = {844550DD-07A5-44C9-A4E9-6FE64FA62CF9}
		{3E49E9CA-6C90-4BDC-9DFD-50152DFA6524} = {844550DD-07A5-44C9-A4E9-6FE64FA62CF9}
		{CBCBA758-456E-4852-85E1-D40E56A929D1} = {34D99FF4-E4A9-4278-9E9B-A2245B141FA3}
		{0A1E77F0-7811-4188-A9B6-0F5FAFB76420} = {844550DD-07A5-44C9-A4E9-6FE64FA62CF9}
		{6BE97641-E557-42BB-810A-6CBFE9CB28AD} = {88104F4C-A44C-493A-8DE7-A1A5A09C754F}
		{D800A693-B55C-40F3-B80E-C0BE2EC3E79C} = {88104F4C-A44C-493A-8DE7-A1A5A09C754F}
		{1C23DA32-4108-4E9F-BB6C-FA61378C7E38} = {88104F4C-A44C-493A-8DE7-A1A5A09C754F}
	EndGlobalSection
	GlobalSection(ExtensibilityGlobals) = postSolution
		SolutionGuid = {6AEA440B-0D90-4F6E-BA9A-D42B27A78D7B}
	EndGlobalSection
EndGlobal
